# THIS IS AN AUTOGENERATED FILE. DO NOT EDIT THIS FILE DIRECTLY.
# yarn lockfile v1


"@popperjs/core@^2.9.3":
  version "2.11.6"
  resolved "https://registry.yarnpkg.com/@popperjs/core/-/core-2.11.6.tgz#cee20bd55e68a1720bdab363ecf0c821ded4cd45"
  integrity sha512-50/17A98tWUfQ176raKiOGXuYpLyyVMkxxG6oylzL3BPOlA6ADGdK7EYunSa4I064xerltq9TGXs8HmOk5E+vw==

ev-emitter@^2.0.0, ev-emitter@^2.1.2:
  version "2.1.2"
  resolved "https://registry.yarnpkg.com/ev-emitter/-/ev-emitter-2.1.2.tgz#91737a2deae9fa95453e7e86cfae976f8c3ced38"
  integrity sha512-jQ5Ql18hdCQ4qS+RCrbLfz1n+Pags27q5TwMKvZyhp5hh2UULUYZUy1keqj6k6SYsdqIYjnmz7xyyEY0V67B8Q==

fizzy-ui-utils@^3.0.0:
  version "3.0.0"
  resolved "https://registry.yarnpkg.com/fizzy-ui-utils/-/fizzy-ui-utils-3.0.0.tgz#cc5e876eea263d3d92828a3144745dbd7b972fc8"
  integrity sha512-uJj38QFQiJ/KCio5tiZhwAjIbTXSIgzBCKdKVbaYfLS053F6z23Nb0o1ZoO9gnxOQWN7BCc35jsvrCtAq3gY9g==

flickity@^3.0.0:
  version "3.0.0"
  resolved "https://registry.yarnpkg.com/flickity/-/flickity-3.0.0.tgz#568d14d17acece85e08eddc2589c968a458c8861"
  integrity sha512-Xw4znhglA2LVSmka0yKmzb4+fLwXm13TuKmdG1HbUoZZL95J1ZMr4hAA3w69s+Z6q/c6CyBDM25JVwMqgF3rOg==
  dependencies:
    ev-emitter "^2.1.2"
    fizzy-ui-utils "^3.0.0"
    get-size "^3.0.0"
    imagesloaded "^5.0.0"
    unidragger "^3.0.0"

flowbite@^1.6.3:
  version "1.6.4"
  resolved "https://registry.yarnpkg.com/flowbite/-/flowbite-1.6.4.tgz#ea86f8f90e8d1279e2611c25838f6d112777e7d3"
  integrity sha512-//kSaigwERCcE3udumadB3+xfOXeN/ZQzcub2qVCHuB7uscB4XIm3yP9R8zL0XsEOnYG2lnroq/dydQZbzvESw==
  dependencies:
    "@popperjs/core" "^2.9.3"
    mini-svg-data-uri "^1.4.3"

get-size@^3.0.0:
  version "3.0.0"
  resolved "https://registry.yarnpkg.com/get-size/-/get-size-3.0.0.tgz#00e39a8042a3de237b2fcf288eaf55d3f472417c"
  integrity sha512-Y8aiXLq4leR7807UY0yuKEwif5s3kbVp1nTv+i4jBeoUzByTLKkLWu/HorS6/pB+7gsB0o7OTogC8AoOOeT0Hw==

imagesloaded@^5.0.0:
  version "5.0.0"
  resolved "https://registry.yarnpkg.com/imagesloaded/-/imagesloaded-5.0.0.tgz#e614e5de482769dd7d571ca62d947d0d00183847"
  integrity sha512-/0JGSubc1MTCoDKVmonLHgbifBWHdyLkun+R/151E1c5n79hiSxcd7cB7mPXFgojYu8xnRZv7GYxzKoxW8BetQ==
  dependencies:
    ev-emitter "^2.1.2"

mini-svg-data-uri@^1.4.3:
  version "1.4.4"
  resolved "https://registry.yarnpkg.com/mini-svg-data-uri/-/mini-svg-data-uri-1.4.4.tgz#8ab0aabcdf8c29ad5693ca595af19dd2ead09939"
  integrity sha512-r9deDe9p5FJUPZAk3A59wGH7Ii9YrjjWw0jmw/liSbHl2CHiyXj6FcDXDu2K3TjVAXqiJdaw3xxwlZZr9E6nHg==

ssr-window@^4.0.2:
  version "4.0.2"
  resolved "https://registry.yarnpkg.com/ssr-window/-/ssr-window-4.0.2.tgz#dc6b3ee37be86ac0e3ddc60030f7b3bc9b8553be"
  integrity sha512-ISv/Ch+ig7SOtw7G2+qkwfVASzazUnvlDTwypdLoPoySv+6MqlOV10VwPSE6EWkGjhW50lUmghPmpYZXMu/+AQ==

swiper@^9.1.0:
  version "9.1.0"
  resolved "https://registry.yarnpkg.com/swiper/-/swiper-9.1.0.tgz#1a804254aa5b52724038ea1b4007193742a6bbf3"
  integrity sha512-Ck8CywwfUghkbUAHbxTAWyeUAcNrIDNJ6EnKFBGGcHDjeqbh0Jq08RbmD5fMu1a0oOv1eIkUGVkqNJy/asm+yA==
  dependencies:
    ssr-window "^4.0.2"

unidragger@^3.0.0:
  version "3.0.1"
  resolved "https://registry.yarnpkg.com/unidragger/-/unidragger-3.0.1.tgz#72b2e63f2571ca6e95a884b139dfec764e08c7f3"
  integrity sha512-RngbGSwBFmqGBWjkaH+yB677uzR95blSQyxq6hYbrQCejH3Mx1nm8DVOuh3M9k2fQyTstWUG5qlgCnNqV/9jVw==
  dependencies:
    ev-emitter "^2.0.0"
